// !$*UTF8*$!
{
	archiveVersion = 1;
	classes = {
	};
	objectVersion = 77;
	objects = {

/* Begin PBXContainerItemProxy section */
		F86712F82E1B47CD003D07D0 /* PBXContainerItemProxy */ = {
			isa = PBXContainerItemProxy;
			containerPortal = F86712DF2E1B47CC003D07D0 /* Project object */;
			proxyType = 1;
			remoteGlobalIDString = F86712E62E1B47CC003D07D0;
			remoteInfo = WorkoutTracker;
		};
		F86713022E1B47CD003D07D0 /* PBXContainerItemProxy */ = {
			isa = PBXContainerItemProxy;
			containerPortal = F86712DF2E1B47CC003D07D0 /* Project object */;
			proxyType = 1;
			remoteGlobalIDString = F86712E62E1B47CC003D07D0;
			remoteInfo = WorkoutTracker;
		};
/* End PBXContainerItemProxy section */

/* Begin PBXFileReference section */
		F86712E72E1B47CC003D07D0 /* WorkoutTracker.app */ = {isa = PBXFileReference; explicitFileType = wrapper.application; includeInIndex = 0; path = WorkoutTracker.app; sourceTree = BUILT_PRODUCTS_DIR; };
		F86712F72E1B47CD003D07D0 /* WorkoutTrackerTests.xctest */ = {isa = PBXFileReference; explicitFileType = wrapper.cfbundle; includeInIndex = 0; path = WorkoutTrackerTests.xctest; sourceTree = BUILT_PRODUCTS_DIR; };
		F86713012E1B47CD003D07D0 /* WorkoutTrackerUITests.xctest */ = {isa = PBXFileReference; explicitFileType = wrapper.cfbundle; includeInIndex = 0; path = WorkoutTrackerUITests.xctest; sourceTree = BUILT_PRODUCTS_DIR; };
/* End PBXFileReference section */

/* Begin PBXFileSystemSynchronizedRootGroup section */
		F86712E92E1B47CC003D07D0 /* WorkoutTracker */ = {
			isa = PBXFileSystemSynchronizedRootGroup;
			path = WorkoutTracker;
			sourceTree = "<group>";
		};
		F86712FA2E1B47CD003D07D0 /* WorkoutTrackerTests */ = {
			isa = PBXFileSystemSynchronizedRootGroup;
			path = WorkoutTrackerTests;
			sourceTree = "<group>";
		};
		F86713042E1B47CD003D07D0 /* WorkoutTrackerUITests */ = {
			isa = PBXFileSystemSynchronizedRootGroup;
			path = WorkoutTrackerUITests;
			sourceTree = "<group>";
		};
/* End PBXFileSystemSynchronizedRootGroup section */

/* Begin PBXFrameworksBuildPhase section */
		F86712E42E1B47CC003D07D0 /* Frameworks */ = {
			isa = PBXFrameworksBuildPhase;
			buildActionMask = 2147483647;
			files = (
			);
			runOnlyForDeploymentPostprocessing = 0;
		};
		F86712F42E1B47CD003D07D0 /* Frameworks */ = {
			isa = PBXFrameworksBuildPhase;
			buildActionMask = 2147483647;
			files = (
			);
			runOnlyForDeploymentPostprocessing = 0;
		};
		F86712FE2E1B47CD003D07D0 /* Frameworks */ = {
			isa = PBXFrameworksBuildPhase;
			buildActionMask = 2147483647;
			files = (
			);
			runOnlyForDeploymentPostprocessing = 0;
		};
/* End PBXFrameworksBuildPhase section */

/* Begin PBXGroup section */
		F86712DE2E1B47CC003D07D0 = {
			isa = PBXGroup;
			children = (
				F86712E92E1B47CC003D07D0 /* WorkoutTracker */,
				F86712FA2E1B47CD003D07D0 /* WorkoutTrackerTests */,
				F86713042E1B47CD003D07D0 /* WorkoutTrackerUITests */,
				F86712E82E1B47CC003D07D0 /* Products */,
			);
			sourceTree = "<group>";
		};
		F86712E82E1B47CC003D07D0 /* Products */ = {
			isa = PBXGroup;
			children = (
				F86712E72E1B47CC003D07D0 /* WorkoutTracker.app */,
				F86712F72E1B47CD003D07D0 /* WorkoutTrackerTests.xctest */,
				F86713012E1B47CD003D07D0 /* WorkoutTrackerUITests.xctest */,
			);
			name = Products;
			sourceTree = "<group>";
		};
/* End PBXGroup section */

/* Begin PBXNativeTarget section */
		F86712E62E1B47CC003D07D0 /* WorkoutTracker */ = {
			isa = PBXNativeTarget;
			buildConfigurationList = F867130B2E1B47CD003D07D0 /* Build configuration list for PBXNativeTarget "WorkoutTracker" */;
			buildPhases = (
				F86712E32E1B47CC003D07D0 /* Sources */,
				F86712E42E1B47CC003D07D0 /* Frameworks */,
				F86712E52E1B47CC003D07D0 /* Resources */,
			);
			buildRules = (
			);
			dependencies = (
			);
			fileSystemSynchronizedGroups = (
				F86712E92E1B47CC003D07D0 /* WorkoutTracker */,
			);
			name = WorkoutTracker;
			packageProductDependencies = (
			);
			productName = WorkoutTracker;
			productReference = F86712E72E1B47CC003D07D0 /* WorkoutTracker.app */;
			productType = "com.apple.product-type.application";
		};
		F86712F62E1B47CD003D07D0 /* WorkoutTrackerTests */ = {
			isa = PBXNativeTarget;
			buildConfigurationList = F867130E2E1B47CD003D07D0 /* Build configuration list for PBXNativeTarget "WorkoutTrackerTests" */;
			buildPhases = (
				F86712F32E1B47CD003D07D0 /* Sources */,
				F86712F42E1B47CD003D07D0 /* Frameworks */,
				F86712F52E1B47CD003D07D0 /* Resources */,
			);
			buildRules = (
			);
			dependencies = (
				F86712F92E1B47CD003D07D0 /* PBXTargetDependency */,
			);
			fileSystemSynchronizedGroups = (
				F86712FA2E1B47CD003D07D0 /* WorkoutTrackerTests */,
			);
			name = WorkoutTrackerTests;
			packageProductDependencies = (
			);
			productName = WorkoutTrackerTests;
			productReference = F86712F72E1B47CD003D07D0 /* WorkoutTrackerTests.xctest */;
			productType = "com.apple.product-type.bundle.unit-test";
		};
		F86713002E1B47CD003D07D0 /* WorkoutTrackerUITests */ = {
			isa = PBXNativeTarget;
			buildConfigurationList = F86713112E1B47CD003D07D0 /* Build configuration list for PBXNativeTarget "WorkoutTrackerUITests" */;
			buildPhases = (
				F86712FD2E1B47CD003D07D0 /* Sources */,
				F86712FE2E1B47CD003D07D0 /* Frameworks */,
				F86712FF2E1B47CD003D07D0 /* Resources */,
			);
			buildRules = (
			);
			dependencies = (
				F86713032E1B47CD003D07D0 /* PBXTargetDependency */,
			);
			fileSystemSynchronizedGroups = (
				F86713042E1B47CD003D07D0 /* WorkoutTrackerUITests */,
			);
			name = WorkoutTrackerUITests;
			packageProductDependencies = (
			);
			productName = WorkoutTrackerUITests;
			productReference = F86713012E1B47CD003D07D0 /* WorkoutTrackerUITests.xctest */;
			productType = "com.apple.product-type.bundle.ui-testing";
		};
/* End PBXNativeTarget section */

/* Begin PBXProject section */
		F86712DF2E1B47CC003D07D0 /* Project object */ = {
			isa = PBXProject;
			attributes = {
				BuildIndependentTargetsInParallel = 1;
				LastSwiftUpdateCheck = 1620;
				LastUpgradeCheck = 1620;
				TargetAttributes = {
					F86712E62E1B47CC003D07D0 = {
						CreatedOnToolsVersion = 16.2;
					};
					F86712F62E1B47CD003D07D0 = {
						CreatedOnToolsVersion = 16.2;
						TestTargetID = F86712E62E1B47CC003D07D0;
					};
					F86713002E1B47CD003D07D0 = {
						CreatedOnToolsVersion = 16.2;
						TestTargetID = F86712E62E1B47CC003D07D0;
					};
				};
			};
			buildConfigurationList = F86712E22E1B47CC003D07D0 /* Build configuration list for PBXProject "WorkoutTracker" */;
			developmentRegion = en;
			hasScannedForEncodings = 0;
			knownRegions = (
				en,
				Base,
			);
			mainGroup = F86712DE2E1B47CC003D07D0;
			minimizedProjectReferenceProxies = 1;
			preferredProjectObjectVersion = 77;
			productRefGroup = F86712E82E1B47CC003D07D0 /* Products */;
			projectDirPath = "";
			projectRoot = "";
			targets = (
				F86712E62E1B47CC003D07D0 /* WorkoutTracker */,
				F86712F62E1B47CD003D07D0 /* WorkoutTrackerTests */,
				F86713002E1B47CD003D07D0 /* WorkoutTrackerUITests */,
			);
		};
/* End PBXProject section */

/* Begin PBXResourcesBuildPhase section */
		F86712E52E1B47CC003D07D0 /* Resources */ = {
			isa = PBXResourcesBuildPhase;
			buildActionMask = 2147483647;
			files = (
			);
			runOnlyForDeploymentPostprocessing = 0;
		};
		F86712F52E1B47CD003D07D0 /* Resources */ = {
			isa = PBXResourcesBuildPhase;
			buildActionMask = 2147483647;
			files = (
			);
			runOnlyForDeploymentPostprocessing = 0;
		};
		F86712FF2E1B47CD003D07D0 /* Resources */ = {
			isa = PBXResourcesBuildPhase;
			buildActionMask = 2147483647;
			files = (
			);
			runOnlyForDeploymentPostprocessing = 0;
		};
/* End PBXResourcesBuildPhase section */

/* Begin PBXSourcesBuildPhase section */
		F86712E32E1B47CC003D07D0 /* Sources */ = {
			isa = PBXSourcesBuildPhase;
			buildActionMask = 2147483647;
			files = (
			);
			runOnlyForDeploymentPostprocessing = 0;
		};
		F86712F32E1B47CD003D07D0 /* Sources */ = {
			isa = PBXSourcesBuildPhase;
			buildActionMask = 2147483647;
			files = (
			);
			runOnlyForDeploymentPostprocessing = 0;
		};
		F86712FD2E1B47CD003D07D0 /* Sources */ = {
			isa = PBXSourcesBuildPhase;
			buildActionMask = 2147483647;
			files = (
			);
			runOnlyForDeploymentPostprocessing = 0;
		};
/* End PBXSourcesBuildPhase section */

/* Begin PBXTargetDependency section */
		F86712F92E1B47CD003D07D0 /* PBXTargetDependency */ = {
			isa = PBXTargetDependency;
			target = F86712E62E1B47CC003D07D0 /* WorkoutTracker */;
			targetProxy = F86712F82E1B47CD003D07D0 /* PBXContainerItemProxy */;
		};
		F86713032E1B47CD003D07D0 /* PBXTargetDependency */ = {
			isa = PBXTargetDependency;
			target = F86712E62E1B47CC003D07D0 /* WorkoutTracker */;
			targetProxy = F86713022E1B47CD003D07D0 /* PBXContainerItemProxy */;
		};
/* End PBXTargetDependency section */

/* Begin XCBuildConfiguration section */
		F86713092E1B47CD003D07D0 /* Debug */ = {
			isa = XCBuildConfiguration;
			buildSettings = {
				ALWAYS_SEARCH_USER_PATHS = NO;
				ASSETCATALOG_COMPILER_GENERATE_SWIFT_ASSET_SYMBOL_EXTENSIONS = YES;
				CLANG_ANALYZER_NONNULL = YES;
				CLANG_ANALYZER_NUMBER_OBJECT_CONVERSION = YES_AGGRESSIVE;
				CLANG_CXX_LANGUAGE_STANDARD = "gnu++20";
				CLANG_ENABLE_MODULES = YES;
				CLANG_ENABLE_OBJC_ARC = YES;
				CLANG_ENABLE_OBJC_WEAK = YES;
				CLANG_WARN_BLOCK_CAPTURE_AUTORELEASING = YES;
				CLANG_WARN_BOOL_CONVERSION = YES;
				CLANG_WARN_COMMA = YES;
				CLANG_WARN_CONSTANT_CONVERSION = YES;
				CLANG_WARN_DEPRECATED_OBJC_IMPLEMENTATIONS = YES;
				CLANG_WARN_DIRECT_OBJC_ISA_USAGE = YES_ERROR;
				CLANG_WARN_DOCUMENTATION_COMMENTS = YES;
				CLANG_WARN_EMPTY_BODY = YES;
				CLANG_WARN_ENUM_CONVERSION = YES;
				CLANG_WARN_INFINITE_RECURSION = YES;
				CLANG_WARN_INT_CONVERSION = YES;
				CLANG_WARN_NON_LITERAL_NULL_CONVERSION = YES;
				CLANG_WARN_OBJC_IMPLICIT_RETAIN_SELF = YES;
				CLANG_WARN_OBJC_LITERAL_CONVERSION = YES;
				CLANG_WARN_OBJC_ROOT_CLASS = YES_ERROR;
				CLANG_WARN_QUOTED_INCLUDE_IN_FRAMEWORK_HEADER = YES;
				CLANG_WARN_RANGE_LOOP_ANALYSIS = YES;
				CLANG_WARN_STRICT_PROTOTYPES = YES;
				CLANG_WARN_SUSPICIOUS_MOVE = YES;
				CLANG_WARN_UNGUARDED_AVAILABILITY = YES_AGGRESSIVE;
				CLANG_WARN_UNREACHABLE_CODE = YES;
				CLANG_WARN__DUPLICATE_METHOD_MATCH = YES;
				COPY_PHASE_STRIP = NO;
				DEBUG_INFORMATION_FORMAT = dwarf;
				ENABLE_STRICT_OBJC_MSGSEND = YES;
				ENABLE_TESTABILITY = YES;
				ENABLE_USER_SCRIPT_SANDBOXING = YES;
				GCC_C_LANGUAGE_STANDARD = gnu17;
				GCC_DYNAMIC_NO_PIC = NO;
				GCC_NO_COMMON_BLOCKS = YES;
				GCC_OPTIMIZATION_LEVEL = 0;
				GCC_PREPROCESSOR_DEFINITIONS = (
					"DEBUG=1",
					"$(inherited)",
				);
				GCC_WARN_64_TO_32_BIT_CONVERSION = YES;
				GCC_WARN_ABOUT_RETURN_TYPE = YES_ERROR;
				GCC_WARN_UNDECLARED_SELECTOR = YES;
				GCC_WARN_UNINITIALIZED_AUTOS = YES_AGGRESSIVE;
				GCC_WARN_UNUSED_FUNCTION = YES;
				GCC_WARN_UNUSED_VARIABLE = YES;
				IPHONEOS_DEPLOYMENT_TARGET = 18.2;
				LOCALIZATION_PREFERS_STRING_CATALOGS = YES;
				MTL_ENABLE_DEBUG_INFO = INCLUDE_SOURCE;
				MTL_FAST_MATH = YES;
				ONLY_ACTIVE_ARCH = YES;
				SDKROOT = iphoneos;
				SWIFT_ACTIVE_COMPILATION_CONDITIONS = "DEBUG $(inherited)";
				SWIFT_OPTIMIZATION_LEVEL = "-Onone";
			};
			name = Debug;
		};
		F867130A2E1B47CD003D07D0 /* Release */ = {
			isa = XCBuildConfiguration;
			buildSettings = {
				ALWAYS_SEARCH_USER_PATHS = NO;
				ASSETCATALOG_COMPILER_GENERATE_SWIFT_ASSET_SYMBOL_EXTENSIONS = YES;
				CLANG_ANALYZER_NONNULL = YES;
				CLANG_ANALYZER_NUMBER_OBJECT_CONVERSION = YES_AGGRESSIVE;
				CLANG_CXX_LANGUAGE_STANDARD = "gnu++20";
				CLANG_ENABLE_MODULES = YES;
				CLANG_ENABLE_OBJC_ARC = YES;
				CLANG_ENABLE_OBJC_WEAK = YES;
				CLANG_WARN_BLOCK_CAPTURE_AUTORELEASING = YES;
				CLANG_WARN_BOOL_CONVERSION = YES;
				CLANG_WARN_COMMA = YES;
				CLANG_WARN_CONSTANT_CONVERSION = YES;
				CLANG_WARN_DEPRECATED_OBJC_IMPLEMENTATIONS = YES;
				CLANG_WARN_DIRECT_OBJC_ISA_USAGE = YES_ERROR;
				CLANG_WARN_DOCUMENTATION_COMMENTS = YES;
				CLANG_WARN_EMPTY_BODY = YES;
				CLANG_WARN_ENUM_CONVERSION = YES;
				CLANG_WARN_INFINITE_RECURSION = YES;
				CLANG_WARN_INT_CONVERSION = YES;
				CLANG_WARN_NON_LITERAL_NULL_CONVERSION = YES;
				CLANG_WARN_OBJC_IMPLICIT_RETAIN_SELF = YES;
				CLANG_WARN_OBJC_LITERAL_CONVERSION = YES;
				CLANG_WARN_OBJC_ROOT_CLASS = YES_ERROR;
				CLANG_WARN_QUOTED_INCLUDE_IN_FRAMEWORK_HEADER = YES;
				CLANG_WARN_RANGE_LOOP_ANALYSIS = YES;
				CLANG_WARN_STRICT_PROTOTYPES = YES;
				CLANG_WARN_SUSPICIOUS_MOVE = YES;
				CLANG_WARN_UNGUARDED_AVAILABILITY = YES_AGGRESSIVE;
				CLANG_WARN_UNREACHABLE_CODE = YES;
				CLANG_WARN__DUPLICATE_METHOD_MATCH = YES;
				COPY_PHASE_STRIP = NO;
				DEBUG_INFORMATION_FORMAT = "dwarf-with-dsym";
				ENABLE_NS_ASSERTIONS = NO;
				ENABLE_STRICT_OBJC_MSGSEND = YES;
				ENABLE_USER_SCRIPT_SANDBOXING = YES;
				GCC_C_LANGUAGE_STANDARD = gnu17;
				GCC_NO_COMMON_BLOCKS = YES;
				GCC_WARN_64_TO_32_BIT_CONVERSION = YES;
				GCC_WARN_ABOUT_RETURN_TYPE = YES_ERROR;
				GCC_WARN_UNDECLARED_SELECTOR = YES;
				GCC_WARN_UNINITIALIZED_AUTOS = YES_AGGRESSIVE;
				GCC_WARN_UNUSED_FUNCTION = YES;
				GCC_WARN_UNUSED_VARIABLE = YES;
				IPHONEOS_DEPLOYMENT_TARGET = 18.2;
				LOCALIZATION_PREFERS_STRING_CATALOGS = YES;
				MTL_ENABLE_DEBUG_INFO = NO;
				MTL_FAST_MATH = YES;
				SDKROOT = iphoneos;
				SWIFT_COMPILATION_MODE = wholemodule;
				VALIDATE_PRODUCT = YES;
			};
			name = Release;
		};
		F867130C2E1B47CD003D07D0 /* Debug */ = {
			isa = XCBuildConfiguration;
			buildSettings = {
				ASSETCATALOG_COMPILER_APPICON_NAME = AppIcon;
				ASSETCATALOG_COMPILER_GLOBAL_ACCENT_COLOR_NAME = AccentColor;
				CODE_SIGN_IDENTITY = "";
				CODE_SIGN_STYLE = Manual;
				CURRENT_PROJECT_VERSION = 1;
				DEVELOPMENT_ASSET_PATHS = "\"WorkoutTracker/Preview Content\"";
				ENABLE_PREVIEWS = YES;
				GENERATE_INFOPLIST_FILE = YES;
				INFOPLIST_KEY_NSCameraUsageDescription = "WorkoutTracker uses your camera to record workout videos for AI-powered form analysis, helping you improve your exercise technique and prevent injuries.";
				INFOPLIST_KEY_NSMicrophoneUsageDescription = "WorkoutTracker may access your microphone when recording workout videos to provide complete analysis of your workout sessions.";
				INFOPLIST_KEY_NSPhotoLibraryUsageDescription = "WorkoutTracker accesses your photo library to import workout videos for AI-powered form analysis, helping you improve your exercise technique and prevent injuries.";
				INFOPLIST_KEY_UIApplicationSceneManifest_Generation = YES;
				INFOPLIST_KEY_UIApplicationSupportsIndirectInputEvents = YES;
				INFOPLIST_KEY_UILaunchScreen_Generation = YES;
				INFOPLIST_KEY_UISupportedInterfaceOrientations_iPad = "UIInterfaceOrientationPortrait UIInterfaceOrientationPortraitUpsideDown UIInterfaceOrientationLandscapeLeft UIInterfaceOrientationLandscapeRight";
				INFOPLIST_KEY_UISupportedInterfaceOrientations_iPhone = "UIInterfaceOrientationPortrait UIInterfaceOrientationLandscapeLeft UIInterfaceOrientationLandscapeRight";
				LD_RUNPATH_SEARCH_PATHS = (
					"$(inherited)",
					"@executable_path/Frameworks",
				);
				MARKETING_VERSION = 1.0;
				PRODUCT_BUNDLE_IDENTIFIER = VoidCats.WorkoutTracker;
				PRODUCT_NAME = "$(TARGET_NAME)";
				SWIFT_EMIT_LOC_STRINGS = YES;
				SWIFT_VERSION = 5.0;
				TARGETED_DEVICE_FAMILY = "1,2";
			};
			name = Debug;
		};
		F867130D2E1B47CD003D07D0 /* Release */ = {
			isa = XCBuildConfiguration;
			buildSettings = {
				ASSETCATALOG_COMPILER_APPICON_NAME = AppIcon;
				ASSETCATALOG_COMPILER_GLOBAL_ACCENT_COLOR_NAME = AccentColor;
				CODE_SIGN_IDENTITY = "";
				CODE_SIGN_STYLE = Manual;
				CURRENT_PROJECT_VERSION = 1;
				DEVELOPMENT_ASSET_PATHS = "\"WorkoutTracker/Preview Content\"";
				ENABLE_PREVIEWS = YES;
				GENERATE_INFOPLIST_FILE = YES;
				INFOPLIST_KEY_NSCameraUsageDescription = "WorkoutTracker uses your camera to record workout videos for AI-powered form analysis, helping you improve your exercise technique and prevent injuries.";
				INFOPLIST_KEY_NSMicrophoneUsageDescription = "WorkoutTracker may access your microphone when recording workout videos to provide complete analysis of your workout sessions.";
				INFOPLIST_KEY_NSPhotoLibraryUsageDescription = "WorkoutTracker accesses your photo library to import workout videos for AI-powered form analysis, helping you improve your exercise technique and prevent injuries.";
				INFOPLIST_KEY_UIApplicationSceneManifest_Generation = YES;
				INFOPLIST_KEY_UIApplicationSupportsIndirectInputEvents = YES;
				INFOPLIST_KEY_UILaunchScreen_Generation = YES;
				INFOPLIST_KEY_UISupportedInterfaceOrientations_iPad = "UIInterfaceOrientationPortrait UIInterfaceOrientationPortraitUpsideDown UIInterfaceOrientationLandscapeLeft UIInterfaceOrientationLandscapeRight";
				INFOPLIST_KEY_UISupportedInterfaceOrientations_iPhone = "UIInterfaceOrientationPortrait UIInterfaceOrientationLandscapeLeft UIInterfaceOrientationLandscapeRight";
				LD_RUNPATH_SEARCH_PATHS = (
					"$(inherited)",
					"@executable_path/Frameworks",
				);
				MARKETING_VERSION = 1.0;
				PRODUCT_BUNDLE_IDENTIFIER = VoidCats.WorkoutTracker;
				PRODUCT_NAME = "$(TARGET_NAME)";
				SWIFT_EMIT_LOC_STRINGS = YES;
				SWIFT_VERSION = 5.0;
				TARGETED_DEVICE_FAMILY = "1,2";
			};
			name = Release;
		};
		F867130F2E1B47CD003D07D0 /* Debug */ = {
			isa = XCBuildConfiguration;
			buildSettings = {
				BUNDLE_LOADER = "$(TEST_HOST)";
				CODE_SIGN_IDENTITY = "";
				CODE_SIGN_STYLE = Manual;
				CURRENT_PROJECT_VERSION = 1;
				GENERATE_INFOPLIST_FILE = YES;
				IPHONEOS_DEPLOYMENT_TARGET = 18.2;
				MARKETING_VERSION = 1.0;
				PRODUCT_BUNDLE_IDENTIFIER = VoidCats.WorkoutTrackerTests;
				PRODUCT_NAME = "$(TARGET_NAME)";
				SWIFT_EMIT_LOC_STRINGS = NO;
				SWIFT_VERSION = 5.0;
				TARGETED_DEVICE_FAMILY = "1,2";
				TEST_HOST = "$(BUILT_PRODUCTS_DIR)/WorkoutTracker.app/$(BUNDLE_EXECUTABLE_FOLDER_PATH)/WorkoutTracker";
			};
			name = Debug;
		};
		F86713102E1B47CD003D07D0 /* Release */ = {
			isa = XCBuildConfiguration;
			buildSettings = {
				BUNDLE_LOADER = "$(TEST_HOST)";
				CODE_SIGN_IDENTITY = "";
				CODE_SIGN_STYLE = Manual;
				CURRENT_PROJECT_VERSION = 1;
				GENERATE_INFOPLIST_FILE = YES;
				IPHONEOS_DEPLOYMENT_TARGET = 18.2;
				MARKETING_VERSION = 1.0;
				PRODUCT_BUNDLE_IDENTIFIER = VoidCats.WorkoutTrackerTests;
				PRODUCT_NAME = "$(TARGET_NAME)";
				SWIFT_EMIT_LOC_STRINGS = NO;
				SWIFT_VERSION = 5.0;
				TARGETED_DEVICE_FAMILY = "1,2";
				TEST_HOST = "$(BUILT_PRODUCTS_DIR)/WorkoutTracker.app/$(BUNDLE_EXECUTABLE_FOLDER_PATH)/WorkoutTracker";
			};
			name = Release;
		};
		F86713122E1B47CD003D07D0 /* Debug */ = {
			isa = XCBuildConfiguration;
			buildSettings = {
				CODE_SIGN_IDENTITY = "";
				CODE_SIGN_STYLE = Manual;
				CURRENT_PROJECT_VERSION = 1;
				GENERATE_INFOPLIST_FILE = YES;
				MARKETING_VERSION = 1.0;
				PRODUCT_BUNDLE_IDENTIFIER = VoidCats.WorkoutTrackerUITests;
				PRODUCT_NAME = "$(TARGET_NAME)";
				SWIFT_EMIT_LOC_STRINGS = NO;
				SWIFT_VERSION = 5.0;
				TARGETED_DEVICE_FAMILY = "1,2";
				TEST_TARGET_NAME = WorkoutTracker;
			};
			name = Debug;
		};
		F86713132E1B47CD003D07D0 /* Release */ = {
			isa = XCBuildConfiguration;
			buildSettings = {
				CODE_SIGN_IDENTITY = "";
				CODE_SIGN_STYLE = Manual;
				CURRENT_PROJECT_VERSION = 1;
				GENERATE_INFOPLIST_FILE = YES;
				MARKETING_VERSION = 1.0;
				PRODUCT_BUNDLE_IDENTIFIER = VoidCats.WorkoutTrackerUITests;
				PRODUCT_NAME = "$(TARGET_NAME)";
				SWIFT_EMIT_LOC_STRINGS = NO;
				SWIFT_VERSION = 5.0;
				TARGETED_DEVICE_FAMILY = "1,2";
				TEST_TARGET_NAME = WorkoutTracker;
			};
			name = Release;
		};
/* End XCBuildConfiguration section */

/* Begin XCConfigurationList section */
		F86712E22E1B47CC003D07D0 /* Build configuration list for PBXProject "WorkoutTracker" */ = {
			isa = XCConfigurationList;
			buildConfigurations = (
				F86713092E1B47CD003D07D0 /* Debug */,
				F867130A2E1B47CD003D07D0 /* Release */,
			);
			defaultConfigurationIsVisible = 0;
			defaultConfigurationName = Release;
		};
		F867130B2E1B47CD003D07D0 /* Build configuration list for PBXNativeTarget "WorkoutTracker" */ = {
			isa = XCConfigurationList;
			buildConfigurations = (
				F867130C2E1B47CD003D07D0 /* Debug */,
				F867130D2E1B47CD003D07D0 /* Release */,
			);
			defaultConfigurationIsVisible = 0;
			defaultConfigurationName = Release;
		};
		F867130E2E1B47CD003D07D0 /* Build configuration list for PBXNativeTarget "WorkoutTrackerTests" */ = {
			isa = XCConfigurationList;
			buildConfigurations = (
				F867130F2E1B47CD003D07D0 /* Debug */,
				F86713102E1B47CD003D07D0 /* Release */,
			);
			defaultConfigurationIsVisible = 0;
			defaultConfigurationName = Release;
		};
		F86713112E1B47CD003D07D0 /* Build configuration list for PBXNativeTarget "WorkoutTrackerUITests" */ = {
			isa = XCConfigurationList;
			buildConfigurations = (
				F86713122E1B47CD003D07D0 /* Debug */,
				F86713132E1B47CD003D07D0 /* Release */,
			);
			defaultConfigurationIsVisible = 0;
			defaultConfigurationName = Release;
		};
/* End XCConfigurationList section */
	};
	rootObject = F86712DF2E1B47CC003D07D0 /* Project object */;
}
